github.com/Microsoft/go-winio v0.4.11/go.mod h1:VhR8bwka0BXejwEJY73c50VrPtXAaKcyvVC4A4RozmA=
github.com/aws/aws-sdk-go v1.12.79 h1:vVHvlFso5qhjZrp6z03WGoMwq9QFLOk7WY3Hf653l5I=
github.com/aws/aws-sdk-go v1.12.79/go.mod h1:ZRmQr0FajVIyZ4ZzBYKG5P3ZqPz9IHG41ZoMu1ADI3k=
github.com/containernetworking/cni v0.6.0 h1:FXICGBZNMtdHlW65trpoHviHctQD3seWhRRcqp2hMOU=
github.com/containernetworking/cni v0.6.0/go.mod h1:LGwApLUm2FpoOfxTDEeq8T9ipbpZ61X79hmU3w8FmsY=
github.com/containernetworking/plugins v0.7.4 h1:ugkuXfg1Pdzm54U5DGMzreYIkZPSCmSq4rm5TIXVICA=
github.com/containernetworking/plugins v0.7.4/go.mod h1:dagHaAhNjXjT9QYOklkKJDGaQPTg4pf//FrUcJeb7FU=
github.com/coreos/go-iptables v0.4.0 h1:wh4UbVs8DhLUbpyq97GLJDKrQMjEDD63T1xE4CrsKzQ=
github.com/coreos/go-iptables v0.4.0/go.mod h1:/mVI274lEDI2ns62jHCDnCyBF9Iwsmekav8Dbxlm1MU=
github.com/docker/distribution v2.6.2+incompatible h1:4FI6af79dfCS/CYb+RRtkSHw3q1L/bnDjG1PcPZtQhM=
github.com/docker/distribution v2.6.2+incompatible/go.mod h1:J2gT2udsDAN96Uj4KfcMRqY0/ypR+oyYUYmja8H+y+w=
github.com/docker/docker v1.13.1 h1:IkZjBSIc8hBjLpqeAbeE5mca5mNgeatLHBy3GO78BWo=
github.com/docker/docker v1.13.1/go.mod h1:eEKB0N0r5NX/I1kEveEz05bcu8tLC/8azJZsviup8Sk=
github.com/docker/go-connections v0.4.0 h1:El9xVISelRB7BuFusrZozjnkIM5YnzCViNKohAFqRJQ=
github.com/docker/go-connections v0.4.0/go.mod h1:Gbd7IOopHjR8Iph03tsViu4nIes5XhDvyHbTtUxmeec=
github.com/docker/go-units v0.3.3 h1:Xk8S3Xj5sLGlG5g67hJmYMmUgXv5N4PhkjJHHqrwnTk=
github.com/docker/go-units v0.3.3/go.mod h1:fgPhTUdO+D/Jk86RDLlptpiXQzgHJF7gydDDbaIK4Dk=
github.com/go-ini/ini v1.39.0 h1:/CyW/jTlZLjuzy52jc1XnhJm6IUKEuunpJFpecywNeI=
github.com/go-ini/ini v1.39.0/go.mod h1:ByCAeIL28uOIIG0E3PJtZPDL8WnHpFKFOtgjp+3Ies8=
github.com/j-keck/arping v0.0.0-20160618110441-2cf9dc699c56 h1:742eGXur0715JMq73aD95/FU0XpVKXqNuTnEfXsLOYQ=
github.com/j-keck/arping v0.0.0-20160618110441-2cf9dc699c56/go.mod h1:ymszkNOg6tORTn+6F6j+Jc8TOr5osrynvN6ivFWZ2GA=
github.com/jmespath/go-jmespath v0.0.0-20160202185014-0b12d6b521d8 h1:12VvqtR6Aowv3l/EQUlocDHW2Cp4G9WJVH7uyH8QFJE=
github.com/jmespath/go-jmespath v0.0.0-20160202185014-0b12d6b521d8/go.mod h1:Nht3zPeWKUH0NzdCt2Blrr5ys8VGpn0CEB0cQHVjt7k=
github.com/nightlyone/lockfile v0.0.0-20180618180623-0ad87eef1443 h1:+2OJrU8cmOstEoh0uQvYemRGVH1O6xtO2oANUWHFnP0=
github.com/nightlyone/lockfile v0.0.0-20180618180623-0ad87eef1443/go.mod h1:JbxfV1Iifij2yhRjXai0oFrbpxszXHRx1E5RuM26o4Y=
github.com/pkg/errors v0.8.0 h1:WdK/asTD0HN+q6hsWO3/vpuAkAr+tw6aNJNDFFf0+qw=
github.com/pkg/errors v0.8.0/go.mod h1:bwawxfHBFNV+L2hUp1rHADufV3IMtnDRdf1r5NINEl0=
github.com/urfave/cli v1.20.0 h1:fDqGv3UG/4jbVl/QkFwEdddtEDjh/5Ov6X+0B/3bPaw=
github.com/urfave/cli v1.20.0/go.mod h1:70zkFmudgCuE/ngEzBv17Jvp/497gISqfk5gWijbERA=
github.com/vishvananda/netlink v1.0.0 h1:bqNY2lgheFIu1meHUFSH3d7vG93AFyqg3oGbJCOJgSM=
github.com/vishvananda/netlink v1.0.0/go.mod h1:+SR5DhBJrl6ZM7CoCKvpw5BKroDKQ+PJqOg65H/2ktk=
github.com/vishvananda/netns v0.0.0-20180720170159-13995c7128cc h1:R83G5ikgLMxrBvLh22JhdfI8K6YXEPHx5P03Uu3DRs4=
github.com/vishvananda/netns v0.0.0-20180720170159-13995c7128cc/go.mod h1:ZjcWmFBXmLKZu9Nxj3WKYEafiSqer2rnvPr0en9UNpI=
golang.org/x/net v0.0.0-20181114220301-adae6a3d119a h1:gOpx8G595UYyvj8UK4+OFyY4rx037g3fmfhe5SasG3U=
golang.org/x/net v0.0.0-20181114220301-adae6a3d119a/go.mod h1:mL1N/T3taQHkDXs73rZJwtUhF3w3ftmwwsq0BUmARs4=
golang.org/x/sys v0.0.0-20181119195503-ec83556a53fe h1:I5KvcSfxR/TkvFksuALBTCS44kh6MaPO1rHR9vT0iQQ=
golang.org/x/sys v0.0.0-20181119195503-ec83556a53fe/go.mod h1:STP8DvDyc/dI5b8T5hshtkjS+E42TnysNCUPdjciGhY=
