# This file is autogenerated, do not edit; changes may be undone by the next 'dep ensure'.


[[projects]]
  name = "github.com/Microsoft/go-winio"
  packages = ["."]
  revision = "7da180ee92d8bd8bb8c37fc560e673e6557c392f"
  version = "v0.4.7"

[[projects]]
  name = "github.com/aws/aws-sdk-go"
  packages = [
    "aws",
    "aws/awserr",
    "aws/awsutil",
    "aws/client",
    "aws/client/metadata",
    "aws/corehandlers",
    "aws/credentials",
    "aws/credentials/ec2rolecreds",
    "aws/credentials/endpointcreds",
    "aws/credentials/stscreds",
    "aws/defaults",
    "aws/ec2metadata",
    "aws/endpoints",
    "aws/request",
    "aws/session",
    "aws/signer/v4",
    "internal/sdkrand",
    "internal/shareddefaults",
    "private/protocol",
    "private/protocol/ec2query",
    "private/protocol/query",
    "private/protocol/query/queryutil",
    "private/protocol/rest",
    "private/protocol/xml/xmlutil",
    "service/ec2",
    "service/ec2/ec2iface",
    "service/sts"
  ]
  revision = "bff41fb23b7550368282029f6478819d6a99ae0f"
  version = "v1.12.79"

[[projects]]
  name = "github.com/containernetworking/cni"
  packages = [
    "pkg/invoke",
    "pkg/skel",
    "pkg/types",
    "pkg/types/020",
    "pkg/types/current",
    "pkg/version"
  ]
  revision = "a7885cb6f8ab03fba07852ded351e4f5e7a112bf"
  version = "v0.6.0"

[[projects]]
  name = "github.com/containernetworking/plugins"
  packages = [
    "pkg/ip",
    "pkg/ipam",
    "pkg/ns",
    "pkg/utils",
    "pkg/utils/hwaddr",
    "pkg/utils/sysctl"
  ]
  revision = "72b62babeeb3d7b25c9809ea9eb9fc9c02cc0f71"
  version = "v0.7.1"

[[projects]]
  name = "github.com/coreos/go-iptables"
  packages = ["iptables"]
  revision = "b5b1876b170881a8259f036445ee89c8669db386"
  version = "v0.3.0"

[[projects]]
  name = "github.com/docker/distribution"
  packages = [
    "digest",
    "reference"
  ]
  revision = "48294d928ced5dd9b378f7fd7c6f5da3ff3f2c89"
  version = "v2.6.2"

[[projects]]
  name = "github.com/docker/docker"
  packages = [
    "api/types",
    "api/types/blkiodev",
    "api/types/container",
    "api/types/events",
    "api/types/filters",
    "api/types/mount",
    "api/types/network",
    "api/types/reference",
    "api/types/registry",
    "api/types/strslice",
    "api/types/swarm",
    "api/types/time",
    "api/types/versions",
    "api/types/volume",
    "client",
    "pkg/tlsconfig"
  ]
  revision = "092cba3727bb9b4a2f0e922cd6c0f93ea270e363"
  version = "v1.13.1"

[[projects]]
  name = "github.com/docker/go-connections"
  packages = [
    "nat",
    "sockets",
    "tlsconfig"
  ]
  revision = "3ede32e2033de7505e6500d6c868c2b9ed9f169d"
  version = "v0.3.0"

[[projects]]
  name = "github.com/docker/go-units"
  packages = ["."]
  revision = "47565b4f722fb6ceae66b95f853feed578a4a51c"
  version = "v0.3.3"

[[projects]]
  name = "github.com/go-ini/ini"
  packages = ["."]
  revision = "ace140f73450505f33e8b8418216792275ae82a7"
  version = "v1.35.0"

[[projects]]
  branch = "master"
  name = "github.com/j-keck/arping"
  packages = ["."]
  revision = "2cf9dc699c5640a7e2c81403a44127bf28033600"

[[projects]]
  name = "github.com/jmespath/go-jmespath"
  packages = ["."]
  revision = "0b12d6b5"

[[projects]]
  branch = "master"
  name = "github.com/nightlyone/lockfile"
  packages = ["."]
  revision = "6a197d5ea61168f2ac821de2b7f011b250904900"

[[projects]]
  name = "github.com/pkg/errors"
  packages = ["."]
  revision = "645ef00459ed84a119197bfb8d8205042c6df63d"
  version = "v0.8.0"

[[projects]]
  name = "github.com/urfave/cli"
  packages = ["."]
  revision = "cfb38830724cc34fedffe9a2a29fb54fa9169cd1"
  version = "v1.20.0"

[[projects]]
  name = "github.com/vishvananda/netlink"
  packages = [
    ".",
    "nl"
  ]
  revision = "a2ad57a690f3caf3015351d2d6e1c0b95c349752"
  version = "v1.0.0"

[[projects]]
  branch = "master"
  name = "github.com/vishvananda/netns"
  packages = ["."]
  revision = "be1fbeda19366dea804f00efff2dd73a1642fdcc"

[[projects]]
  branch = "master"
  name = "golang.org/x/net"
  packages = [
    "context",
    "context/ctxhttp",
    "internal/socks",
    "proxy"
  ]
  revision = "d41e8174641f662c5a2d1c7a5f9e828788eb8706"

[[projects]]
  branch = "master"
  name = "golang.org/x/sys"
  packages = [
    "unix",
    "windows"
  ]
  revision = "3ccc7e5779793fd54564baf60c51bf017955e0ba"

[solve-meta]
  analyzer-name = "dep"
  analyzer-version = 1
  inputs-digest = "b9c07db25ce0338c3512b88729bf1b13670c051360a223c73bfe292e637625a7"
  solver-name = "gps-cdcl"
  solver-version = 1
